
Microsoft Visual Studio Solution File, Format Version 12.00
# Visual Studio Version 17
VisualStudioVersion = 17.9.34622.214
MinimumVisualStudioVersion = 10.0.40219.1
Project("{9A19103F-16F7-4668-BE54-9A1E7A4F7556}") = "Abstraction", "Abstraction\Abstraction.csproj", "{0FE0DC06-D451-4B8E-8E63-D372622AC66D}"
EndProject
Project("{FAE04EC0-301F-11D3-BF4B-00C04F79EFBC}") = "Abstraction-Interface", "Abstraction-Interface\Abstraction-Interface.csproj", "{A1C31A4E-23E8-443F-88B9-A543608393F6}"
EndProject
Global
	GlobalSection(SolutionConfigurationPlatforms) = preSolution
		Debug|Any CPU = Debug|Any CPU
		Release|Any CPU = Release|Any CPU
	EndGlobalSection
	GlobalSection(ProjectConfigurationPlatforms) = postSolution
		{0FE0DC06-D451-4B8E-8E63-D372622AC66D}.Debug|Any CPU.ActiveCfg = Debug|Any CPU
		{0FE0DC06-D451-4B8E-8E63-D372622AC66D}.Debug|Any CPU.Build.0 = Debug|Any CPU
		{0FE0DC06-D451-4B8E-8E63-D372622AC66D}.Release|Any CPU.ActiveCfg = Release|Any CPU
		{0FE0DC06-D451-4B8E-8E63-D372622AC66D}.Release|Any CPU.Build.0 = Release|Any CPU
		{A1C31A4E-23E8-443F-88B9-A543608393F6}.Debug|Any CPU.ActiveCfg = Debug|Any CPU
		{A1C31A4E-23E8-443F-88B9-A543608393F6}.Debug|Any CPU.Build.0 = Debug|Any CPU
		{A1C31A4E-23E8-443F-88B9-A543608393F6}.Release|Any CPU.ActiveCfg = Release|Any CPU
		{A1C31A4E-23E8-443F-88B9-A543608393F6}.Release|Any CPU.Build.0 = Release|Any CPU
	EndGlobalSection
	GlobalSection(SolutionProperties) = preSolution
		HideSolutionNode = FALSE
	EndGlobalSection
	GlobalSection(ExtensibilityGlobals) = postSolution
		SolutionGuid = {83591BFE-5C3E-44BE-AD0A-5C11BBBC7E87}
	EndGlobalSection
EndGlobal
